github.com/example/widget v1.4.2 h1:0000000000000000000000000000000000000000000=
github.com/example/widget v1.4.2/go.mod h1:1111111111111111111111111111111111111111111=
golang.org/x/text v0.14.0 h1:2222222222222222222222222222222222222222222=
golang.org/x/text v0.14.0/go.mod h1:3333333333333333333333333333333333333333333=
